// !$*UTF8*$!
{
	archiveVersion = 1;
	classes = {
	};
	objectVersion = 50;
	objects = {

/* Begin PBXBuildFile section */
		E37A5313225EEC7E00FB1C99 /* .gitignore in Resources */ = {isa = PBXBuildFile; fileRef = E37A5312225EEC7E00FB1C99 /* .gitignore */; };
		E37A5316225EECF800FB1C99 /* Kingfisher.framework in Frameworks */ = {isa = PBXBuildFile; fileRef = E37A5315225EECF800FB1C99 /* Kingfisher.framework */; };
		E37A5318225FAE4C00FB1C99 /* DealsEntity.swift in Sources */ = {isa = PBXBuildFile; fileRef = E37A5317225FAE4C00FB1C99 /* DealsEntity.swift */; };
		E37A531A225FC88D00FB1C99 /* UIApplicationExtension.swift in Sources */ = {isa = PBXBuildFile; fileRef = E37A5319225FC88D00FB1C99 /* UIApplicationExtension.swift */; };
		E3A76F93225FD5C20004C7B2 /* Cartfile in Resources */ = {isa = PBXBuildFile; fileRef = E3A76F92225FD5C20004C7B2 /* Cartfile */; };
		E3A76F9E225FE0210004C7B2 /* DealsListViewControllerTests.swift in Sources */ = {isa = PBXBuildFile; fileRef = E3A76F9D225FE0210004C7B2 /* DealsListViewControllerTests.swift */; };
		E3A76FA1225FE1650004C7B2 /* DealsListPresenterSpy.swift in Sources */ = {isa = PBXBuildFile; fileRef = E3A76FA0225FE1650004C7B2 /* DealsListPresenterSpy.swift */; };
		E3D7123D225E51A400FD7CAB /* AppDelegate.swift in Sources */ = {isa = PBXBuildFile; fileRef = E3D7123C225E51A400FD7CAB /* AppDelegate.swift */; };
		E3D71244225E51A600FD7CAB /* Assets.xcassets in Resources */ = {isa = PBXBuildFile; fileRef = E3D71243225E51A600FD7CAB /* Assets.xcassets */; };
		E3D71247225E51A600FD7CAB /* LaunchScreen.storyboard in Resources */ = {isa = PBXBuildFile; fileRef = E3D71245225E51A600FD7CAB /* LaunchScreen.storyboard */; };
		E3D71263225E5C5F00FD7CAB /* DealsListProtocols.swift in Sources */ = {isa = PBXBuildFile; fileRef = E3D71262225E5C5F00FD7CAB /* DealsListProtocols.swift */; };
		E3D71265225E5E1700FD7CAB /* DealsListViewController.swift in Sources */ = {isa = PBXBuildFile; fileRef = E3D71264225E5E1700FD7CAB /* DealsListViewController.swift */; };
		E3D71267225E5E3400FD7CAB /* DealsListPresenter.swift in Sources */ = {isa = PBXBuildFile; fileRef = E3D71266225E5E3400FD7CAB /* DealsListPresenter.swift */; };
		E3D71269225E5E5000FD7CAB /* DealsListInteractor.swift in Sources */ = {isa = PBXBuildFile; fileRef = E3D71268225E5E5000FD7CAB /* DealsListInteractor.swift */; };
		E3D7126B225E5E6A00FD7CAB /* DealsListWorker.swift in Sources */ = {isa = PBXBuildFile; fileRef = E3D7126A225E5E6A00FD7CAB /* DealsListWorker.swift */; };
		E3D7126D225E5E8800FD7CAB /* DealsListRouter.swift in Sources */ = {isa = PBXBuildFile; fileRef = E3D7126C225E5E8800FD7CAB /* DealsListRouter.swift */; };
		E3D7126F225E602500FD7CAB /* AppRouter.swift in Sources */ = {isa = PBXBuildFile; fileRef = E3D7126E225E602500FD7CAB /* AppRouter.swift */; };
		E3D71275225E6A6400FD7CAB /* UIViewExtension.swift in Sources */ = {isa = PBXBuildFile; fileRef = E3D71274225E6A6400FD7CAB /* UIViewExtension.swift */; };
		E3D7127A225E737A00FD7CAB /* DealsListCell.swift in Sources */ = {isa = PBXBuildFile; fileRef = E3D71279225E737A00FD7CAB /* DealsListCell.swift */; };
		E3D7127C225EB0F500FD7CAB /* UIColorExtension.swift in Sources */ = {isa = PBXBuildFile; fileRef = E3D7127B225EB0F500FD7CAB /* UIColorExtension.swift */; };
		E3D7127E225EB27E00FD7CAB /* UILabelExtension.swift in Sources */ = {isa = PBXBuildFile; fileRef = E3D7127D225EB27E00FD7CAB /* UILabelExtension.swift */; };
		E3D71280225EB43000FD7CAB /* UIStackViewExtension.swift in Sources */ = {isa = PBXBuildFile; fileRef = E3D7127F225EB43000FD7CAB /* UIStackViewExtension.swift */; };
		E3D71283225EC25F00FD7CAB /* Network.swift in Sources */ = {isa = PBXBuildFile; fileRef = E3D71282225EC25F00FD7CAB /* Network.swift */; };
		E3D71288225ED68800FD7CAB /* DealsListEntity.swift in Sources */ = {isa = PBXBuildFile; fileRef = E3D71287225ED68800FD7CAB /* DealsListEntity.swift */; };
		E3D7128A225ED6AC00FD7CAB /* DealsListResponseEntity.swift in Sources */ = {isa = PBXBuildFile; fileRef = E3D71289225ED6AC00FD7CAB /* DealsListResponseEntity.swift */; };
		E3D7128C225ED6C100FD7CAB /* DealsListDealEntity.swift in Sources */ = {isa = PBXBuildFile; fileRef = E3D7128B225ED6C100FD7CAB /* DealsListDealEntity.swift */; };
		E3D7128E225ED6DA00FD7CAB /* DealsListPartnerEntity.swift in Sources */ = {isa = PBXBuildFile; fileRef = E3D7128D225ED6DA00FD7CAB /* DealsListPartnerEntity.swift */; };
		E3D71290225EDCAF00FD7CAB /* Api.swift in Sources */ = {isa = PBXBuildFile; fileRef = E3D7128F225EDCAF00FD7CAB /* Api.swift */; };
		E3D71292225EDDA500FD7CAB /* Protocols.swift in Sources */ = {isa = PBXBuildFile; fileRef = E3D71291225EDDA500FD7CAB /* Protocols.swift */; };
		E3D71294225EDE1000FD7CAB /* Enuns.swift in Sources */ = {isa = PBXBuildFile; fileRef = E3D71293225EDE1000FD7CAB /* Enuns.swift */; };
		E3D71296225EE0E200FD7CAB /* DealsListViewEntity.swift in Sources */ = {isa = PBXBuildFile; fileRef = E3D71295225EE0E200FD7CAB /* DealsListViewEntity.swift */; };
		E3D71298225EE5F400FD7CAB /* FloatExtension.swift in Sources */ = {isa = PBXBuildFile; fileRef = E3D71297225EE5F400FD7CAB /* FloatExtension.swift */; };
		E3E4B7CD225FE84C006AB94F /* Nimble.framework in Frameworks */ = {isa = PBXBuildFile; fileRef = E3A76F95225FD7D90004C7B2 /* Nimble.framework */; };
		E3E4B7CE225FE84F006AB94F /* Quick.framework in Frameworks */ = {isa = PBXBuildFile; fileRef = E3A76F94225FD7D90004C7B2 /* Quick.framework */; };
		E3E4B7D0226003FE006AB94F /* DealsListPresenterTests.swift in Sources */ = {isa = PBXBuildFile; fileRef = E3E4B7CF226003FE006AB94F /* DealsListPresenterTests.swift */; };
		E3E4B7D222600570006AB94F /* DealsListRouterSpy.swift in Sources */ = {isa = PBXBuildFile; fileRef = E3E4B7D122600570006AB94F /* DealsListRouterSpy.swift */; };
		E3E4B7D42260061D006AB94F /* DealsListInteractorSpy.swift in Sources */ = {isa = PBXBuildFile; fileRef = E3E4B7D32260061D006AB94F /* DealsListInteractorSpy.swift */; };
		E3E4B7D6226006C3006AB94F /* DealsListViewControllerSpy.swift in Sources */ = {isa = PBXBuildFile; fileRef = E3E4B7D5226006C3006AB94F /* DealsListViewControllerSpy.swift */; };
		E3E4B7D822600E95006AB94F /* DealsListInteractorTests.swift in Sources */ = {isa = PBXBuildFile; fileRef = E3E4B7D722600E95006AB94F /* DealsListInteractorTests.swift */; };
		E3E4B7DA22600F1B006AB94F /* DealsListWorkerSpy.swift in Sources */ = {isa = PBXBuildFile; fileRef = E3E4B7D922600F1B006AB94F /* DealsListWorkerSpy.swift */; };
		E3E4B7DC226018F7006AB94F /* DealsListRequestSpy.json in Resources */ = {isa = PBXBuildFile; fileRef = E3E4B7DB226018F7006AB94F /* DealsListRequestSpy.json */; };
		E3E4B7DE22601C76006AB94F /* DealsListRequestSpy.json in Resources */ = {isa = PBXBuildFile; fileRef = E3E4B7DB226018F7006AB94F /* DealsListRequestSpy.json */; };
		E3E4B7E022601DA6006AB94F /* DealsListRouterTests.swift in Sources */ = {isa = PBXBuildFile; fileRef = E3E4B7DF22601DA6006AB94F /* DealsListRouterTests.swift */; };
		E3E4B7E222602027006AB94F /* DealsListWorkerTests.swift in Sources */ = {isa = PBXBuildFile; fileRef = E3E4B7E122602027006AB94F /* DealsListWorkerTests.swift */; };
		E3E4B7E62260264D006AB94F /* NetworkSpy.swift in Sources */ = {isa = PBXBuildFile; fileRef = E3E4B7E52260264D006AB94F /* NetworkSpy.swift */; };
/* End PBXBuildFile section */

/* Begin PBXContainerItemProxy section */
		E3D7124E225E51A600FD7CAB /* PBXContainerItemProxy */ = {
			isa = PBXContainerItemProxy;
			containerPortal = E3D71231225E51A400FD7CAB /* Project object */;
			proxyType = 1;
			remoteGlobalIDString = E3D71238225E51A400FD7CAB;
			remoteInfo = PeixeUrbano;
		};
/* End PBXContainerItemProxy section */

/* Begin PBXFileReference section */
		E37A5312225EEC7E00FB1C99 /* .gitignore */ = {isa = PBXFileReference; lastKnownFileType = text; path = .gitignore; sourceTree = "<group>"; };
		E37A5315225EECF800FB1C99 /* Kingfisher.framework */ = {isa = PBXFileReference; lastKnownFileType = wrapper.framework; name = Kingfisher.framework; path = Carthage/Build/iOS/Kingfisher.framework; sourceTree = "<group>"; };
		E37A5317225FAE4C00FB1C99 /* DealsEntity.swift */ = {isa = PBXFileReference; lastKnownFileType = sourcecode.swift; path = DealsEntity.swift; sourceTree = "<group>"; };
		E37A5319225FC88D00FB1C99 /* UIApplicationExtension.swift */ = {isa = PBXFileReference; lastKnownFileType = sourcecode.swift; path = UIApplicationExtension.swift; sourceTree = "<group>"; };
		E3A76F92225FD5C20004C7B2 /* Cartfile */ = {isa = PBXFileReference; fileEncoding = 4; lastKnownFileType = text; path = Cartfile; sourceTree = "<group>"; };
		E3A76F94225FD7D90004C7B2 /* Quick.framework */ = {isa = PBXFileReference; lastKnownFileType = wrapper.framework; name = Quick.framework; path = Carthage/Build/iOS/Quick.framework; sourceTree = "<group>"; };
		E3A76F95225FD7D90004C7B2 /* Nimble.framework */ = {isa = PBXFileReference; lastKnownFileType = wrapper.framework; name = Nimble.framework; path = Carthage/Build/iOS/Nimble.framework; sourceTree = "<group>"; };
		E3A76F9C225FE0200004C7B2 /* PeixeUrbanoTests-Bridging-Header.h */ = {isa = PBXFileReference; lastKnownFileType = sourcecode.c.h; path = "PeixeUrbanoTests-Bridging-Header.h"; sourceTree = "<group>"; };
		E3A76F9D225FE0210004C7B2 /* DealsListViewControllerTests.swift */ = {isa = PBXFileReference; lastKnownFileType = sourcecode.swift; path = DealsListViewControllerTests.swift; sourceTree = "<group>"; };
		E3A76FA0225FE1650004C7B2 /* DealsListPresenterSpy.swift */ = {isa = PBXFileReference; lastKnownFileType = sourcecode.swift; path = DealsListPresenterSpy.swift; sourceTree = "<group>"; };
		E3D71239225E51A400FD7CAB /* PeixeUrbano.app */ = {isa = PBXFileReference; explicitFileType = wrapper.application; includeInIndex = 0; path = PeixeUrbano.app; sourceTree = BUILT_PRODUCTS_DIR; };
		E3D7123C225E51A400FD7CAB /* AppDelegate.swift */ = {isa = PBXFileReference; lastKnownFileType = sourcecode.swift; path = AppDelegate.swift; sourceTree = "<group>"; };
		E3D71243225E51A600FD7CAB /* Assets.xcassets */ = {isa = PBXFileReference; lastKnownFileType = folder.assetcatalog; path = Assets.xcassets; sourceTree = "<group>"; };
		E3D71246225E51A600FD7CAB /* Base */ = {isa = PBXFileReference; lastKnownFileType = file.storyboard; name = Base; path = Base.lproj/LaunchScreen.storyboard; sourceTree = "<group>"; };
		E3D71248225E51A600FD7CAB /* Info.plist */ = {isa = PBXFileReference; lastKnownFileType = text.plist.xml; path = Info.plist; sourceTree = "<group>"; };
		E3D7124D225E51A600FD7CAB /* PeixeUrbanoTests.xctest */ = {isa = PBXFileReference; explicitFileType = wrapper.cfbundle; includeInIndex = 0; path = PeixeUrbanoTests.xctest; sourceTree = BUILT_PRODUCTS_DIR; };
		E3D71253225E51A600FD7CAB /* Info.plist */ = {isa = PBXFileReference; lastKnownFileType = text.plist.xml; path = Info.plist; sourceTree = "<group>"; };
		E3D71262225E5C5F00FD7CAB /* DealsListProtocols.swift */ = {isa = PBXFileReference; lastKnownFileType = sourcecode.swift; path = DealsListProtocols.swift; sourceTree = "<group>"; };
		E3D71264225E5E1700FD7CAB /* DealsListViewController.swift */ = {isa = PBXFileReference; lastKnownFileType = sourcecode.swift; path = DealsListViewController.swift; sourceTree = "<group>"; };
		E3D71266225E5E3400FD7CAB /* DealsListPresenter.swift */ = {isa = PBXFileReference; lastKnownFileType = sourcecode.swift; path = DealsListPresenter.swift; sourceTree = "<group>"; };
		E3D71268225E5E5000FD7CAB /* DealsListInteractor.swift */ = {isa = PBXFileReference; lastKnownFileType = sourcecode.swift; path = DealsListInteractor.swift; sourceTree = "<group>"; };
		E3D7126A225E5E6A00FD7CAB /* DealsListWorker.swift */ = {isa = PBXFileReference; lastKnownFileType = sourcecode.swift; path = DealsListWorker.swift; sourceTree = "<group>"; };
		E3D7126C225E5E8800FD7CAB /* DealsListRouter.swift */ = {isa = PBXFileReference; lastKnownFileType = sourcecode.swift; path = DealsListRouter.swift; sourceTree = "<group>"; };
		E3D7126E225E602500FD7CAB /* AppRouter.swift */ = {isa = PBXFileReference; lastKnownFileType = sourcecode.swift; path = AppRouter.swift; sourceTree = "<group>"; };
		E3D71274225E6A6400FD7CAB /* UIViewExtension.swift */ = {isa = PBXFileReference; lastKnownFileType = sourcecode.swift; path = UIViewExtension.swift; sourceTree = "<group>"; };
		E3D71279225E737A00FD7CAB /* DealsListCell.swift */ = {isa = PBXFileReference; lastKnownFileType = sourcecode.swift; path = DealsListCell.swift; sourceTree = "<group>"; };
		E3D7127B225EB0F500FD7CAB /* UIColorExtension.swift */ = {isa = PBXFileReference; lastKnownFileType = sourcecode.swift; path = UIColorExtension.swift; sourceTree = "<group>"; };
		E3D7127D225EB27E00FD7CAB /* UILabelExtension.swift */ = {isa = PBXFileReference; lastKnownFileType = sourcecode.swift; path = UILabelExtension.swift; sourceTree = "<group>"; };
		E3D7127F225EB43000FD7CAB /* UIStackViewExtension.swift */ = {isa = PBXFileReference; lastKnownFileType = sourcecode.swift; path = UIStackViewExtension.swift; sourceTree = "<group>"; };
		E3D71282225EC25F00FD7CAB /* Network.swift */ = {isa = PBXFileReference; lastKnownFileType = sourcecode.swift; path = Network.swift; sourceTree = "<group>"; };
		E3D71287225ED68800FD7CAB /* DealsListEntity.swift */ = {isa = PBXFileReference; lastKnownFileType = sourcecode.swift; path = DealsListEntity.swift; sourceTree = "<group>"; };
		E3D71289225ED6AC00FD7CAB /* DealsListResponseEntity.swift */ = {isa = PBXFileReference; lastKnownFileType = sourcecode.swift; path = DealsListResponseEntity.swift; sourceTree = "<group>"; };
		E3D7128B225ED6C100FD7CAB /* DealsListDealEntity.swift */ = {isa = PBXFileReference; lastKnownFileType = sourcecode.swift; path = DealsListDealEntity.swift; sourceTree = "<group>"; };
		E3D7128D225ED6DA00FD7CAB /* DealsListPartnerEntity.swift */ = {isa = PBXFileReference; lastKnownFileType = sourcecode.swift; path = DealsListPartnerEntity.swift; sourceTree = "<group>"; };
		E3D7128F225EDCAF00FD7CAB /* Api.swift */ = {isa = PBXFileReference; lastKnownFileType = sourcecode.swift; path = Api.swift; sourceTree = "<group>"; };
		E3D71291225EDDA500FD7CAB /* Protocols.swift */ = {isa = PBXFileReference; lastKnownFileType = sourcecode.swift; path = Protocols.swift; sourceTree = "<group>"; };
		E3D71293225EDE1000FD7CAB /* Enuns.swift */ = {isa = PBXFileReference; lastKnownFileType = sourcecode.swift; path = Enuns.swift; sourceTree = "<group>"; };
		E3D71295225EE0E200FD7CAB /* DealsListViewEntity.swift */ = {isa = PBXFileReference; lastKnownFileType = sourcecode.swift; path = DealsListViewEntity.swift; sourceTree = "<group>"; };
		E3D71297225EE5F400FD7CAB /* FloatExtension.swift */ = {isa = PBXFileReference; lastKnownFileType = sourcecode.swift; path = FloatExtension.swift; sourceTree = "<group>"; };
		E3E4B7CF226003FE006AB94F /* DealsListPresenterTests.swift */ = {isa = PBXFileReference; lastKnownFileType = sourcecode.swift; path = DealsListPresenterTests.swift; sourceTree = "<group>"; };
		E3E4B7D122600570006AB94F /* DealsListRouterSpy.swift */ = {isa = PBXFileReference; lastKnownFileType = sourcecode.swift; path = DealsListRouterSpy.swift; sourceTree = "<group>"; };
		E3E4B7D32260061D006AB94F /* DealsListInteractorSpy.swift */ = {isa = PBXFileReference; lastKnownFileType = sourcecode.swift; path = DealsListInteractorSpy.swift; sourceTree = "<group>"; };
		E3E4B7D5226006C3006AB94F /* DealsListViewControllerSpy.swift */ = {isa = PBXFileReference; lastKnownFileType = sourcecode.swift; path = DealsListViewControllerSpy.swift; sourceTree = "<group>"; };
		E3E4B7D722600E95006AB94F /* DealsListInteractorTests.swift */ = {isa = PBXFileReference; lastKnownFileType = sourcecode.swift; path = DealsListInteractorTests.swift; sourceTree = "<group>"; };
		E3E4B7D922600F1B006AB94F /* DealsListWorkerSpy.swift */ = {isa = PBXFileReference; lastKnownFileType = sourcecode.swift; path = DealsListWorkerSpy.swift; sourceTree = "<group>"; };
		E3E4B7DB226018F7006AB94F /* DealsListRequestSpy.json */ = {isa = PBXFileReference; lastKnownFileType = text.json; path = DealsListRequestSpy.json; sourceTree = "<group>"; };
		E3E4B7DF22601DA6006AB94F /* DealsListRouterTests.swift */ = {isa = PBXFileReference; lastKnownFileType = sourcecode.swift; path = DealsListRouterTests.swift; sourceTree = "<group>"; };
		E3E4B7E122602027006AB94F /* DealsListWorkerTests.swift */ = {isa = PBXFileReference; lastKnownFileType = sourcecode.swift; path = DealsListWorkerTests.swift; sourceTree = "<group>"; };
		E3E4B7E52260264D006AB94F /* NetworkSpy.swift */ = {isa = PBXFileReference; lastKnownFileType = sourcecode.swift; path = NetworkSpy.swift; sourceTree = "<group>"; };
/* End PBXFileReference section */

/* Begin PBXFrameworksBuildPhase section */
		E3D71236225E51A400FD7CAB /* Frameworks */ = {
			isa = PBXFrameworksBuildPhase;
			buildActionMask = 2147483647;
			files = (
				E37A5316225EECF800FB1C99 /* Kingfisher.framework in Frameworks */,
			);
			runOnlyForDeploymentPostprocessing = 0;
		};
		E3D7124A225E51A600FD7CAB /* Frameworks */ = {
			isa = PBXFrameworksBuildPhase;
			buildActionMask = 2147483647;
			files = (
				E3E4B7CE225FE84F006AB94F /* Quick.framework in Frameworks */,
				E3E4B7CD225FE84C006AB94F /* Nimble.framework in Frameworks */,
			);
			runOnlyForDeploymentPostprocessing = 0;
		};
/* End PBXFrameworksBuildPhase section */

/* Begin PBXGroup section */
		E37A5314225EECF700FB1C99 /* Frameworks */ = {
			isa = PBXGroup;
			children = (
				E3A76F95225FD7D90004C7B2 /* Nimble.framework */,
				E3A76F94225FD7D90004C7B2 /* Quick.framework */,
				E37A5315225EECF800FB1C99 /* Kingfisher.framework */,
			);
			name = Frameworks;
			sourceTree = "<group>";
		};
		E3A76F98225FD83C0004C7B2 /* SupportFiles */ = {
			isa = PBXGroup;
			children = (
				E3A76F9C225FE0200004C7B2 /* PeixeUrbanoTests-Bridging-Header.h */,
				E3D71253225E51A600FD7CAB /* Info.plist */,
			);
			path = SupportFiles;
			sourceTree = "<group>";
		};
		E3A76F99225FD8620004C7B2 /* Modules */ = {
			isa = PBXGroup;
			children = (
				E3A76F9B225FDF4A0004C7B2 /* DealsList */,
			);
			path = Modules;
			sourceTree = "<group>";
		};
		E3A76F9B225FDF4A0004C7B2 /* DealsList */ = {
			isa = PBXGroup;
			children = (
				E3A76F9F225FE14C0004C7B2 /* Spy */,
				E3E4B7D722600E95006AB94F /* DealsListInteractorTests.swift */,
				E3E4B7CF226003FE006AB94F /* DealsListPresenterTests.swift */,
				E3E4B7DF22601DA6006AB94F /* DealsListRouterTests.swift */,
				E3A76F9D225FE0210004C7B2 /* DealsListViewControllerTests.swift */,
				E3E4B7E122602027006AB94F /* DealsListWorkerTests.swift */,
			);
			path = DealsList;
			sourceTree = "<group>";
		};
		E3A76F9F225FE14C0004C7B2 /* Spy */ = {
			isa = PBXGroup;
			children = (
				E3E4B7D32260061D006AB94F /* DealsListInteractorSpy.swift */,
				E3A76FA0225FE1650004C7B2 /* DealsListPresenterSpy.swift */,
				E3E4B7D122600570006AB94F /* DealsListRouterSpy.swift */,
				E3E4B7D5226006C3006AB94F /* DealsListViewControllerSpy.swift */,
				E3E4B7D922600F1B006AB94F /* DealsListWorkerSpy.swift */,
				E3E4B7DB226018F7006AB94F /* DealsListRequestSpy.json */,
			);
			path = Spy;
			sourceTree = "<group>";
		};
		E3D71230225E51A400FD7CAB = {
			isa = PBXGroup;
			children = (
				E3D7123B225E51A400FD7CAB /* PeixeUrbano */,
				E3D71250225E51A600FD7CAB /* PeixeUrbanoTests */,
				E3D7123A225E51A400FD7CAB /* Products */,
				E37A5314225EECF700FB1C99 /* Frameworks */,
				E37A5312225EEC7E00FB1C99 /* .gitignore */,
				E3A76F92225FD5C20004C7B2 /* Cartfile */,
			);
			sourceTree = "<group>";
		};
		E3D7123A225E51A400FD7CAB /* Products */ = {
			isa = PBXGroup;
			children = (
				E3D71239225E51A400FD7CAB /* PeixeUrbano.app */,
				E3D7124D225E51A600FD7CAB /* PeixeUrbanoTests.xctest */,
			);
			name = Products;
			sourceTree = "<group>";
		};
		E3D7123B225E51A400FD7CAB /* PeixeUrbano */ = {
			isa = PBXGroup;
			children = (
				E3D7125E225E58F700FD7CAB /* App */,
				E3D71270225E684C00FD7CAB /* Commons */,
				E3D71260225E595200FD7CAB /* Modules */,
				E3D7125F225E590300FD7CAB /* Resources */,
				E3D7125D225E58F300FD7CAB /* SupportFiles */,
			);
			path = PeixeUrbano;
			sourceTree = "<group>";
		};
		E3D71250225E51A600FD7CAB /* PeixeUrbanoTests */ = {
			isa = PBXGroup;
			children = (
				E3E4B7E322602636006AB94F /* Commons */,
				E3A76F99225FD8620004C7B2 /* Modules */,
				E3A76F98225FD83C0004C7B2 /* SupportFiles */,
			);
			path = PeixeUrbanoTests;
			sourceTree = "<group>";
		};
		E3D7125D225E58F300FD7CAB /* SupportFiles */ = {
			isa = PBXGroup;
			children = (
				E3D71248225E51A600FD7CAB /* Info.plist */,
			);
			path = SupportFiles;
			sourceTree = "<group>";
		};
		E3D7125E225E58F700FD7CAB /* App */ = {
			isa = PBXGroup;
			children = (
				E3D7123C225E51A400FD7CAB /* AppDelegate.swift */,
				E3D7126E225E602500FD7CAB /* AppRouter.swift */,
			);
			path = App;
			sourceTree = "<group>";
		};
		E3D7125F225E590300FD7CAB /* Resources */ = {
			isa = PBXGroup;
			children = (
				E3D71245225E51A600FD7CAB /* LaunchScreen.storyboard */,
				E3D71243225E51A600FD7CAB /* Assets.xcassets */,
			);
			path = Resources;
			sourceTree = "<group>";
		};
		E3D71260225E595200FD7CAB /* Modules */ = {
			isa = PBXGroup;
			children = (
				E3D71261225E5C2C00FD7CAB /* DealsList */,
			);
			path = Modules;
			sourceTree = "<group>";
		};
		E3D71261225E5C2C00FD7CAB /* DealsList */ = {
			isa = PBXGroup;
			children = (
				E3D71286225ED65A00FD7CAB /* Entities */,
				E3D71264225E5E1700FD7CAB /* DealsListViewController.swift */,
				E3D71266225E5E3400FD7CAB /* DealsListPresenter.swift */,
				E3D71268225E5E5000FD7CAB /* DealsListInteractor.swift */,
				E3D7126A225E5E6A00FD7CAB /* DealsListWorker.swift */,
				E3D7126C225E5E8800FD7CAB /* DealsListRouter.swift */,
				E3D71279225E737A00FD7CAB /* DealsListCell.swift */,
				E3D71262225E5C5F00FD7CAB /* DealsListProtocols.swift */,
			);
			path = DealsList;
			sourceTree = "<group>";
		};
		E3D71270225E684C00FD7CAB /* Commons */ = {
			isa = PBXGroup;
			children = (
				E3D71276225E6ECD00FD7CAB /* Definitions */,
				E3D71271225E685200FD7CAB /* Extensions */,
				E3D71281225EC25100FD7CAB /* Libraries */,
			);
			path = Commons;
			sourceTree = "<group>";
		};
		E3D71271225E685200FD7CAB /* Extensions */ = {
			isa = PBXGroup;
			children = (
				E3D7127B225EB0F500FD7CAB /* UIColorExtension.swift */,
				E3D71297225EE5F400FD7CAB /* FloatExtension.swift */,
				E3D7127D225EB27E00FD7CAB /* UILabelExtension.swift */,
				E3D7127F225EB43000FD7CAB /* UIStackViewExtension.swift */,
				E3D71274225E6A6400FD7CAB /* UIViewExtension.swift */,
				E37A5319225FC88D00FB1C99 /* UIApplicationExtension.swift */,
			);
			path = Extensions;
			sourceTree = "<group>";
		};
		E3D71276225E6ECD00FD7CAB /* Definitions */ = {
			isa = PBXGroup;
			children = (
				E3D71293225EDE1000FD7CAB /* Enuns.swift */,
				E3D71291225EDDA500FD7CAB /* Protocols.swift */,
			);
			path = Definitions;
			sourceTree = "<group>";
		};
		E3D71281225EC25100FD7CAB /* Libraries */ = {
			isa = PBXGroup;
			children = (
				E3D7128F225EDCAF00FD7CAB /* Api.swift */,
				E3D71282225EC25F00FD7CAB /* Network.swift */,
			);
			path = Libraries;
			sourceTree = "<group>";
		};
		E3D71286225ED65A00FD7CAB /* Entities */ = {
			isa = PBXGroup;
			children = (
				E3D71287225ED68800FD7CAB /* DealsListEntity.swift */,
				E3D71289225ED6AC00FD7CAB /* DealsListResponseEntity.swift */,
				E3D7128B225ED6C100FD7CAB /* DealsListDealEntity.swift */,
				E3D7128D225ED6DA00FD7CAB /* DealsListPartnerEntity.swift */,
				E3D71295225EE0E200FD7CAB /* DealsListViewEntity.swift */,
				E37A5317225FAE4C00FB1C99 /* DealsEntity.swift */,
			);
			path = Entities;
			sourceTree = "<group>";
		};
		E3E4B7E322602636006AB94F /* Commons */ = {
			isa = PBXGroup;
			children = (
				E3E4B7E422602640006AB94F /* Libraries */,
			);
			path = Commons;
			sourceTree = "<group>";
		};
		E3E4B7E422602640006AB94F /* Libraries */ = {
			isa = PBXGroup;
			children = (
				E3E4B7E72260265F006AB94F /* Spy */,
			);
			path = Libraries;
			sourceTree = "<group>";
		};
		E3E4B7E72260265F006AB94F /* Spy */ = {
			isa = PBXGroup;
			children = (
				E3E4B7E52260264D006AB94F /* NetworkSpy.swift */,
			);
			path = Spy;
			sourceTree = "<group>";
		};
/* End PBXGroup section */

/* Begin PBXNativeTarget section */
		E3D71238225E51A400FD7CAB /* PeixeUrbano */ = {
			isa = PBXNativeTarget;
			buildConfigurationList = E3D71256225E51A600FD7CAB /* Build configuration list for PBXNativeTarget "PeixeUrbano" */;
			buildPhases = (
				E3D71235225E51A400FD7CAB /* Sources */,
				E3D71236225E51A400FD7CAB /* Frameworks */,
				E3D71237225E51A400FD7CAB /* Resources */,
				E3D71299225EEBE300FD7CAB /* Carthage */,
			);
			buildRules = (
			);
			dependencies = (
			);
			name = PeixeUrbano;
			productName = PeixeUrbano;
			productReference = E3D71239225E51A400FD7CAB /* PeixeUrbano.app */;
			productType = "com.apple.product-type.application";
		};
		E3D7124C225E51A600FD7CAB /* PeixeUrbanoTests */ = {
			isa = PBXNativeTarget;
			buildConfigurationList = E3D71259225E51A600FD7CAB /* Build configuration list for PBXNativeTarget "PeixeUrbanoTests" */;
			buildPhases = (
				E3D71249225E51A600FD7CAB /* Sources */,
				E3D7124A225E51A600FD7CAB /* Frameworks */,
				E3D7124B225E51A600FD7CAB /* Resources */,
			);
			buildRules = (
			);
			dependencies = (
				E3D7124F225E51A600FD7CAB /* PBXTargetDependency */,
			);
			name = PeixeUrbanoTests;
			productName = PeixeUrbanoTests;
			productReference = E3D7124D225E51A600FD7CAB /* PeixeUrbanoTests.xctest */;
			productType = "com.apple.product-type.bundle.unit-test";
		};
/* End PBXNativeTarget section */

/* Begin PBXProject section */
		E3D71231225E51A400FD7CAB /* Project object */ = {
			isa = PBXProject;
			attributes = {
				LastSwiftUpdateCheck = 1020;
				LastUpgradeCheck = 1020;
				ORGANIZATIONNAME = "Juliano Terres";
				TargetAttributes = {
					E3D71238225E51A400FD7CAB = {
						CreatedOnToolsVersion = 10.2;
					};
					E3D7124C225E51A600FD7CAB = {
						CreatedOnToolsVersion = 10.2;
						LastSwiftMigration = 1020;
						TestTargetID = E3D71238225E51A400FD7CAB;
					};
				};
			};
			buildConfigurationList = E3D71234225E51A400FD7CAB /* Build configuration list for PBXProject "PeixeUrbano" */;
			compatibilityVersion = "Xcode 9.3";
			developmentRegion = en;
			hasScannedForEncodings = 0;
			knownRegions = (
				en,
				Base,
			);
			mainGroup = E3D71230225E51A400FD7CAB;
			productRefGroup = E3D7123A225E51A400FD7CAB /* Products */;
			projectDirPath = "";
			projectRoot = "";
			targets = (
				E3D71238225E51A400FD7CAB /* PeixeUrbano */,
				E3D7124C225E51A600FD7CAB /* PeixeUrbanoTests */,
			);
		};
/* End PBXProject section */

/* Begin PBXResourcesBuildPhase section */
		E3D71237225E51A400FD7CAB /* Resources */ = {
			isa = PBXResourcesBuildPhase;
			buildActionMask = 2147483647;
			files = (
				E3E4B7DE22601C76006AB94F /* DealsListRequestSpy.json in Resources */,
				E3D71247225E51A600FD7CAB /* LaunchScreen.storyboard in Resources */,
				E37A5313225EEC7E00FB1C99 /* .gitignore in Resources */,
				E3A76F93225FD5C20004C7B2 /* Cartfile in Resources */,
				E3D71244225E51A600FD7CAB /* Assets.xcassets in Resources */,
			);
			runOnlyForDeploymentPostprocessing = 0;
		};
		E3D7124B225E51A600FD7CAB /* Resources */ = {
			isa = PBXResourcesBuildPhase;
			buildActionMask = 2147483647;
			files = (
				E3E4B7DC226018F7006AB94F /* DealsListRequestSpy.json in Resources */,
			);
			runOnlyForDeploymentPostprocessing = 0;
		};
/* End PBXResourcesBuildPhase section */

/* Begin PBXShellScriptBuildPhase section */
		E3D71299225EEBE300FD7CAB /* Carthage */ = {
			isa = PBXShellScriptBuildPhase;
			buildActionMask = 2147483647;
			files = (
			);
			inputFileListPaths = (
			);
			inputPaths = (
				"$(SRCROOT)/Carthage/Build/iOS/Kingfisher.framework",
				"$(SRCROOT)/Carthage/Build/iOS/Nimble.framework",
				"$(SRCROOT)/Carthage/Build/iOS/Quick.framework",
			);
			name = Carthage;
			outputFileListPaths = (
			);
			outputPaths = (
			);
			runOnlyForDeploymentPostprocessing = 0;
			shellPath = /bin/sh;
			shellScript = "/usr/local/bin/carthage copy-frameworks\n";
		};
/* End PBXShellScriptBuildPhase section */

/* Begin PBXSourcesBuildPhase section */
		E3D71235225E51A400FD7CAB /* Sources */ = {
			isa = PBXSourcesBuildPhase;
			buildActionMask = 2147483647;
			files = (
				E3D71275225E6A6400FD7CAB /* UIViewExtension.swift in Sources */,
				E3D7127C225EB0F500FD7CAB /* UIColorExtension.swift in Sources */,
				E3D7123D225E51A400FD7CAB /* AppDelegate.swift in Sources */,
				E3D71296225EE0E200FD7CAB /* DealsListViewEntity.swift in Sources */,
				E3D71290225EDCAF00FD7CAB /* Api.swift in Sources */,
				E3D7128E225ED6DA00FD7CAB /* DealsListPartnerEntity.swift in Sources */,
				E3D7128A225ED6AC00FD7CAB /* DealsListResponseEntity.swift in Sources */,
				E3D7126D225E5E8800FD7CAB /* DealsListRouter.swift in Sources */,
				E3D71294225EDE1000FD7CAB /* Enuns.swift in Sources */,
				E3D71298225EE5F400FD7CAB /* FloatExtension.swift in Sources */,
				E3D7127E225EB27E00FD7CAB /* UILabelExtension.swift in Sources */,
				E3D7127A225E737A00FD7CAB /* DealsListCell.swift in Sources */,
				E37A531A225FC88D00FB1C99 /* UIApplicationExtension.swift in Sources */,
				E3D71265225E5E1700FD7CAB /* DealsListViewController.swift in Sources */,
				E3D7128C225ED6C100FD7CAB /* DealsListDealEntity.swift in Sources */,
				E3D71267225E5E3400FD7CAB /* DealsListPresenter.swift in Sources */,
				E3D71280225EB43000FD7CAB /* UIStackViewExtension.swift in Sources */,
				E3D7126F225E602500FD7CAB /* AppRouter.swift in Sources */,
				E3D7126B225E5E6A00FD7CAB /* DealsListWorker.swift in Sources */,
				E37A5318225FAE4C00FB1C99 /* DealsEntity.swift in Sources */,
				E3D71292225EDDA500FD7CAB /* Protocols.swift in Sources */,
				E3D71288225ED68800FD7CAB /* DealsListEntity.swift in Sources */,
				E3D71269225E5E5000FD7CAB /* DealsListInteractor.swift in Sources */,
				E3D71283225EC25F00FD7CAB /* Network.swift in Sources */,
				E3D71263225E5C5F00FD7CAB /* DealsListProtocols.swift in Sources */,
			);
			runOnlyForDeploymentPostprocessing = 0;
		};
		E3D71249225E51A600FD7CAB /* Sources */ = {
			isa = PBXSourcesBuildPhase;
			buildActionMask = 2147483647;
			files = (
				E3E4B7D6226006C3006AB94F /* DealsListViewControllerSpy.swift in Sources */,
				E3E4B7E62260264D006AB94F /* NetworkSpy.swift in Sources */,
				E3A76F9E225FE0210004C7B2 /* DealsListViewControllerTests.swift in Sources */,
				E3E4B7D222600570006AB94F /* DealsListRouterSpy.swift in Sources */,
				E3E4B7D42260061D006AB94F /* DealsListInteractorSpy.swift in Sources */,
				E3E4B7D0226003FE006AB94F /* DealsListPresenterTests.swift in Sources */,
				E3A76FA1225FE1650004C7B2 /* DealsListPresenterSpy.swift in Sources */,
				E3E4B7DA22600F1B006AB94F /* DealsListWorkerSpy.swift in Sources */,
				E3E4B7E222602027006AB94F /* DealsListWorkerTests.swift in Sources */,
				E3E4B7E022601DA6006AB94F /* DealsListRouterTests.swift in Sources */,
				E3E4B7D822600E95006AB94F /* DealsListInteractorTests.swift in Sources */,
			);
			runOnlyForDeploymentPostprocessing = 0;
		};
/* End PBXSourcesBuildPhase section */

/* Begin PBXTargetDependency section */
		E3D7124F225E51A600FD7CAB /* PBXTargetDependency */ = {
			isa = PBXTargetDependency;
			target = E3D71238225E51A400FD7CAB /* PeixeUrbano */;
			targetProxy = E3D7124E225E51A600FD7CAB /* PBXContainerItemProxy */;
		};
/* End PBXTargetDependency section */

/* Begin PBXVariantGroup section */
		E3D71245225E51A600FD7CAB /* LaunchScreen.storyboard */ = {
			isa = PBXVariantGroup;
			children = (
				E3D71246225E51A600FD7CAB /* Base */,
			);
			name = LaunchScreen.storyboard;
			sourceTree = "<group>";
		};
/* End PBXVariantGroup section */

/* Begin XCBuildConfiguration section */
		E3D71254225E51A600FD7CAB /* Debug */ = {
			isa = XCBuildConfiguration;
			buildSettings = {
				ALWAYS_SEARCH_USER_PATHS = NO;
				CLANG_ANALYZER_NONNULL = YES;
				CLANG_ANALYZER_NUMBER_OBJECT_CONVERSION = YES_AGGRESSIVE;
				CLANG_CXX_LANGUAGE_STANDARD = "gnu++14";
				CLANG_CXX_LIBRARY = "libc++";
				CLANG_ENABLE_MODULES = YES;
				CLANG_ENABLE_OBJC_ARC = YES;
				CLANG_ENABLE_OBJC_WEAK = YES;
				CLANG_WARN_BLOCK_CAPTURE_AUTORELEASING = YES;
				CLANG_WARN_BOOL_CONVERSION = YES;
				CLANG_WARN_COMMA = YES;
				CLANG_WARN_CONSTANT_CONVERSION = YES;
				CLANG_WARN_DEPRECATED_OBJC_IMPLEMENTATIONS = YES;
				CLANG_WARN_DIRECT_OBJC_ISA_USAGE = YES_ERROR;
				CLANG_WARN_DOCUMENTATION_COMMENTS = YES;
				CLANG_WARN_EMPTY_BODY = YES;
				CLANG_WARN_ENUM_CONVERSION = YES;
				CLANG_WARN_INFINITE_RECURSION = YES;
				CLANG_WARN_INT_CONVERSION = YES;
				CLANG_WARN_NON_LITERAL_NULL_CONVERSION = YES;
				CLANG_WARN_OBJC_IMPLICIT_RETAIN_SELF = YES;
				CLANG_WARN_OBJC_LITERAL_CONVERSION = YES;
				CLANG_WARN_OBJC_ROOT_CLASS = YES_ERROR;
				CLANG_WARN_RANGE_LOOP_ANALYSIS = YES;
				CLANG_WARN_STRICT_PROTOTYPES = YES;
				CLANG_WARN_SUSPICIOUS_MOVE = YES;
				CLANG_WARN_UNGUARDED_AVAILABILITY = YES_AGGRESSIVE;
				CLANG_WARN_UNREACHABLE_CODE = YES;
				CLANG_WARN__DUPLICATE_METHOD_MATCH = YES;
				CODE_SIGN_IDENTITY = "iPhone Developer";
				COPY_PHASE_STRIP = NO;
				DEBUG_INFORMATION_FORMAT = dwarf;
				ENABLE_STRICT_OBJC_MSGSEND = YES;
				ENABLE_TESTABILITY = YES;
				GCC_C_LANGUAGE_STANDARD = gnu11;
				GCC_DYNAMIC_NO_PIC = NO;
				GCC_NO_COMMON_BLOCKS = YES;
				GCC_OPTIMIZATION_LEVEL = 0;
				GCC_PREPROCESSOR_DEFINITIONS = (
					"DEBUG=1",
					"$(inherited)",
				);
				GCC_WARN_64_TO_32_BIT_CONVERSION = YES;
				GCC_WARN_ABOUT_RETURN_TYPE = YES_ERROR;
				GCC_WARN_UNDECLARED_SELECTOR = YES;
				GCC_WARN_UNINITIALIZED_AUTOS = YES_AGGRESSIVE;
				GCC_WARN_UNUSED_FUNCTION = YES;
				GCC_WARN_UNUSED_VARIABLE = YES;
				IPHONEOS_DEPLOYMENT_TARGET = 12.2;
				MTL_ENABLE_DEBUG_INFO = INCLUDE_SOURCE;
				MTL_FAST_MATH = YES;
				ONLY_ACTIVE_ARCH = YES;
				SDKROOT = iphoneos;
				SWIFT_ACTIVE_COMPILATION_CONDITIONS = DEBUG;
				SWIFT_OPTIMIZATION_LEVEL = "-Onone";
			};
			name = Debug;
		};
		E3D71255225E51A600FD7CAB /* Release */ = {
			isa = XCBuildConfiguration;
			buildSettings = {
				ALWAYS_SEARCH_USER_PATHS = NO;
				CLANG_ANALYZER_NONNULL = YES;
				CLANG_ANALYZER_NUMBER_OBJECT_CONVERSION = YES_AGGRESSIVE;
				CLANG_CXX_LANGUAGE_STANDARD = "gnu++14";
				CLANG_CXX_LIBRARY = "libc++";
				CLANG_ENABLE_MODULES = YES;
				CLANG_ENABLE_OBJC_ARC = YES;
				CLANG_ENABLE_OBJC_WEAK = YES;
				CLANG_WARN_BLOCK_CAPTURE_AUTORELEASING = YES;
				CLANG_WARN_BOOL_CONVERSION = YES;
				CLANG_WARN_COMMA = YES;
				CLANG_WARN_CONSTANT_CONVERSION = YES;
				CLANG_WARN_DEPRECATED_OBJC_IMPLEMENTATIONS = YES;
				CLANG_WARN_DIRECT_OBJC_ISA_USAGE = YES_ERROR;
				CLANG_WARN_DOCUMENTATION_COMMENTS = YES;
				CLANG_WARN_EMPTY_BODY = YES;
				CLANG_WARN_ENUM_CONVERSION = YES;
				CLANG_WARN_INFINITE_RECURSION = YES;
				CLANG_WARN_INT_CONVERSION = YES;
				CLANG_WARN_NON_LITERAL_NULL_CONVERSION = YES;
				CLANG_WARN_OBJC_IMPLICIT_RETAIN_SELF = YES;
				CLANG_WARN_OBJC_LITERAL_CONVERSION = YES;
				CLANG_WARN_OBJC_ROOT_CLASS = YES_ERROR;
				CLANG_WARN_RANGE_LOOP_ANALYSIS = YES;
				CLANG_WARN_STRICT_PROTOTYPES = YES;
				CLANG_WARN_SUSPICIOUS_MOVE = YES;
				CLANG_WARN_UNGUARDED_AVAILABILITY = YES_AGGRESSIVE;
				CLANG_WARN_UNREACHABLE_CODE = YES;
				CLANG_WARN__DUPLICATE_METHOD_MATCH = YES;
				CODE_SIGN_IDENTITY = "iPhone Developer";
				COPY_PHASE_STRIP = NO;
				DEBUG_INFORMATION_FORMAT = "dwarf-with-dsym";
				ENABLE_NS_ASSERTIONS = NO;
				ENABLE_STRICT_OBJC_MSGSEND = YES;
				GCC_C_LANGUAGE_STANDARD = gnu11;
				GCC_NO_COMMON_BLOCKS = YES;
				GCC_WARN_64_TO_32_BIT_CONVERSION = YES;
				GCC_WARN_ABOUT_RETURN_TYPE = YES_ERROR;
				GCC_WARN_UNDECLARED_SELECTOR = YES;
				GCC_WARN_UNINITIALIZED_AUTOS = YES_AGGRESSIVE;
				GCC_WARN_UNUSED_FUNCTION = YES;
				GCC_WARN_UNUSED_VARIABLE = YES;
				IPHONEOS_DEPLOYMENT_TARGET = 12.2;
				MTL_ENABLE_DEBUG_INFO = NO;
				MTL_FAST_MATH = YES;
				SDKROOT = iphoneos;
				SWIFT_COMPILATION_MODE = wholemodule;
				SWIFT_OPTIMIZATION_LEVEL = "-O";
				VALIDATE_PRODUCT = YES;
			};
			name = Release;
		};
		E3D71257225E51A600FD7CAB /* Debug */ = {
			isa = XCBuildConfiguration;
			buildSettings = {
				ASSETCATALOG_COMPILER_APPICON_NAME = AppIcon;
				CODE_SIGN_IDENTITY = "iPhone Developer";
				CODE_SIGN_STYLE = Automatic;
				DEVELOPMENT_TEAM = XPQRN7QUXG;
				FRAMEWORK_SEARCH_PATHS = (
					"$(inherited)",
					"$(PROJECT_DIR)/Carthage/Build/iOS",
				);
				INFOPLIST_FILE = PeixeUrbano/SupportFiles/Info.plist;
				LD_RUNPATH_SEARCH_PATHS = (
					"$(inherited)",
					"@executable_path/Frameworks",
				);
				PRODUCT_BUNDLE_IDENTIFIER = br.com.julianoterres.PeixeUrbano;
				PRODUCT_NAME = "$(TARGET_NAME)";
				PROVISIONING_PROFILE_SPECIFIER = "";
				SWIFT_VERSION = 5.0;
				TARGETED_DEVICE_FAMILY = 1;
			};
			name = Debug;
		};
		E3D71258225E51A600FD7CAB /* Release */ = {
			isa = XCBuildConfiguration;
			buildSettings = {
				ASSETCATALOG_COMPILER_APPICON_NAME = AppIcon;
				CODE_SIGN_IDENTITY = "iPhone Developer";
				CODE_SIGN_STYLE = Automatic;
				DEVELOPMENT_TEAM = XPQRN7QUXG;
				FRAMEWORK_SEARCH_PATHS = (
					"$(inherited)",
					"$(PROJECT_DIR)/Carthage/Build/iOS",
				);
				INFOPLIST_FILE = PeixeUrbano/SupportFiles/Info.plist;
				LD_RUNPATH_SEARCH_PATHS = (
					"$(inherited)",
					"@executable_path/Frameworks",
				);
				PRODUCT_BUNDLE_IDENTIFIER = br.com.julianoterres.PeixeUrbano;
				PRODUCT_NAME = "$(TARGET_NAME)";
				PROVISIONING_PROFILE_SPECIFIER = "";
				SWIFT_VERSION = 5.0;
				TARGETED_DEVICE_FAMILY = 1;
			};
			name = Release;
		};
		E3D7125A225E51A600FD7CAB /* Debug */ = {
			isa = XCBuildConfiguration;
			buildSettings = {
				ALWAYS_EMBED_SWIFT_STANDARD_LIBRARIES = YES;
				BUNDLE_LOADER = "$(TEST_HOST)";
				CLANG_ENABLE_MODULES = YES;
				CODE_SIGN_STYLE = Automatic;
				DEVELOPMENT_TEAM = XPQRN7QUXG;
				FRAMEWORK_SEARCH_PATHS = (
					"$(inherited)",
					"$(PROJECT_DIR)/Carthage/Build/iOS",
				);
				INFOPLIST_FILE = PeixeUrbanoTests/SupportFiles/Info.plist;
				LD_RUNPATH_SEARCH_PATHS = (
					"$(inherited)",
					"@executable_path/Frameworks",
					"@loader_path/Frameworks",
				);
				PRODUCT_BUNDLE_IDENTIFIER = br.com.julianoterres.PeixeUrbanoTests;
				PRODUCT_NAME = "$(TARGET_NAME)";
				SWIFT_OBJC_BRIDGING_HEADER = "PeixeUrbanoTests/SupportFiles/PeixeUrbanoTests-Bridging-Header.h";
				SWIFT_OPTIMIZATION_LEVEL = "-Onone";
				SWIFT_VERSION = 5.0;
				TARGETED_DEVICE_FAMILY = "1,2";
				TEST_HOST = "$(BUILT_PRODUCTS_DIR)/PeixeUrbano.app/PeixeUrbano";
			};
			name = Debug;
		};
		E3D7125B225E51A600FD7CAB /* Release */ = {
			isa = XCBuildConfiguration;
			buildSettings = {
				ALWAYS_EMBED_SWIFT_STANDARD_LIBRARIES = YES;
				BUNDLE_LOADER = "$(TEST_HOST)";
				CLANG_ENABLE_MODULES = YES;
				CODE_SIGN_STYLE = Automatic;
				DEVELOPMENT_TEAM = XPQRN7QUXG;
				FRAMEWORK_SEARCH_PATHS = (
					"$(inherited)",
					"$(PROJECT_DIR)/Carthage/Build/iOS",
				);
				INFOPLIST_FILE = PeixeUrbanoTests/SupportFiles/Info.plist;
				LD_RUNPATH_SEARCH_PATHS = (
					"$(inherited)",
					"@executable_path/Frameworks",
					"@loader_path/Frameworks",
				);
				PRODUCT_BUNDLE_IDENTIFIER = br.com.julianoterres.PeixeUrbanoTests;
				PRODUCT_NAME = "$(TARGET_NAME)";
				SWIFT_OBJC_BRIDGING_HEADER = "PeixeUrbanoTests/SupportFiles/PeixeUrbanoTests-Bridging-Header.h";
				SWIFT_VERSION = 5.0;
				TARGETED_DEVICE_FAMILY = "1,2";
				TEST_HOST = "$(BUILT_PRODUCTS_DIR)/PeixeUrbano.app/PeixeUrbano";
			};
			name = Release;
		};
/* End XCBuildConfiguration section */

/* Begin XCConfigurationList section */
		E3D71234225E51A400FD7CAB /* Build configuration list for PBXProject "PeixeUrbano" */ = {
			isa = XCConfigurationList;
			buildConfigurations = (
				E3D71254225E51A600FD7CAB /* Debug */,
				E3D71255225E51A600FD7CAB /* Release */,
			);
			defaultConfigurationIsVisible = 0;
			defaultConfigurationName = Release;
		};
		E3D71256225E51A600FD7CAB /* Build configuration list for PBXNativeTarget "PeixeUrbano" */ = {
			isa = XCConfigurationList;
			buildConfigurations = (
				E3D71257225E51A600FD7CAB /* Debug */,
				E3D71258225E51A600FD7CAB /* Release */,
			);
			defaultConfigurationIsVisible = 0;
			defaultConfigurationName = Release;
		};
		E3D71259225E51A600FD7CAB /* Build configuration list for PBXNativeTarget "PeixeUrbanoTests" */ = {
			isa = XCConfigurationList;
			buildConfigurations = (
				E3D7125A225E51A600FD7CAB /* Debug */,
				E3D7125B225E51A600FD7CAB /* Release */,
			);
			defaultConfigurationIsVisible = 0;
			defaultConfigurationName = Release;
		};
/* End XCConfigurationList section */
	};
	rootObject = E3D71231225E51A400FD7CAB /* Project object */;
}
